
Microsoft Visual Studio Solution File, Format Version 12.00
# Visual Studio Version 17
VisualStudioVersion = 17.14.36603.0 d17.14
MinimumVisualStudioVersion = 10.0.40219.1
Project("{888888A0-9F3D-457C-B088-3A5042F75D52}") = "ConsoleApp", "ConsoleApp\ConsoleApp.pyproj", "{1139B9AF-53FD-4674-AF75-757957AA04AD}"
EndProject
Project("{2150E333-8FDC-42A3-9474-1A3956D46DE8}") = "Lib", "Lib", "{02EA681E-C7D8-13C7-8484-4AC65E1B71E8}"
EndProject
Project("{2150E333-8FDC-42A3-9474-1A3956D46DE8}") = "Models", "Models", "{7D897D7B-DE63-4D8D-B43C-830CA3F64826}"
	ProjectSection(SolutionItems) = preProject
		NoiseGrid.py = NoiseGrid.py
	EndProjectSection
EndProject
Global
	GlobalSection(SolutionConfigurationPlatforms) = preSolution
		Debug|Any CPU = Debug|Any CPU
		Release|Any CPU = Release|Any CPU
	EndGlobalSection
	GlobalSection(ProjectConfigurationPlatforms) = postSolution
		{1139B9AF-53FD-4674-AF75-757957AA04AD}.Debug|Any CPU.ActiveCfg = Debug|Any CPU
		{1139B9AF-53FD-4674-AF75-757957AA04AD}.Release|Any CPU.ActiveCfg = Release|Any CPU
	EndGlobalSection
	GlobalSection(SolutionProperties) = preSolution
		HideSolutionNode = FALSE
	EndGlobalSection
	GlobalSection(NestedProjects) = preSolution
		{7D897D7B-DE63-4D8D-B43C-830CA3F64826} = {02EA681E-C7D8-13C7-8484-4AC65E1B71E8}
	EndGlobalSection
	GlobalSection(ExtensibilityGlobals) = postSolution
		SolutionGuid = {64C154E1-A21A-4547-904B-0CBA7525EC17}
	EndGlobalSection
EndGlobal
